
Microsoft Visual Studio Solution File, Format Version 12.00
# Visual Studio Version 17
VisualStudioVersion = 17.11.35222.181
MinimumVisualStudioVersion = 10.0.40219.1
Project("{8BC9CEB8-8B4A-11D0-8D11-00A0C91BC942}") = "Proyecto1Datos", "Proyecto1Datos\Proyecto1Datos.vcxproj", "{96B695CC-EF6B-4447-9175-E7D57531E0C0}"
EndProject
Project("{8BC9CEB8-8B4A-11D0-8D11-00A0C91BC942}") = "UnitTest", "UnitTest\UnitTest.vcxproj", "{71AC2CE0-2763-4895-888B-7434A95119E8}"
EndProject
Global
	GlobalSection(SolutionConfigurationPlatforms) = preSolution
		Debug|x64 = Debug|x64
		Debug|x86 = Debug|x86
		Release|x64 = Release|x64
		Release|x86 = Release|x86
	EndGlobalSection
	GlobalSection(ProjectConfigurationPlatforms) = postSolution
		{96B695CC-EF6B-4447-9175-E7D57531E0C0}.Debug|x64.ActiveCfg = Debug|x64
		{96B695CC-EF6B-4447-9175-E7D57531E0C0}.Debug|x64.Build.0 = Debug|x64
		{96B695CC-EF6B-4447-9175-E7D57531E0C0}.Debug|x86.ActiveCfg = Debug|Win32
		{96B695CC-EF6B-4447-9175-E7D57531E0C0}.Debug|x86.Build.0 = Debug|Win32
		{96B695CC-EF6B-4447-9175-E7D57531E0C0}.Release|x64.ActiveCfg = Release|x64
		{96B695CC-EF6B-4447-9175-E7D57531E0C0}.Release|x64.Build.0 = Release|x64
		{96B695CC-EF6B-4447-9175-E7D57531E0C0}.Release|x86.ActiveCfg = Release|Win32
		{96B695CC-EF6B-4447-9175-E7D57531E0C0}.Release|x86.Build.0 = Release|Win32
		{71AC2CE0-2763-4895-888B-7434A95119E8}.Debug|x64.ActiveCfg = Debug|x64
		{71AC2CE0-2763-4895-888B-7434A95119E8}.Debug|x64.Build.0 = Debug|x64
		{71AC2CE0-2763-4895-888B-7434A95119E8}.Debug|x86.ActiveCfg = Debug|Win32
		{71AC2CE0-2763-4895-888B-7434A95119E8}.Debug|x86.Build.0 = Debug|Win32
		{71AC2CE0-2763-4895-888B-7434A95119E8}.Release|x64.ActiveCfg = Release|x64
		{71AC2CE0-2763-4895-888B-7434A95119E8}.Release|x64.Build.0 = Release|x64
		{71AC2CE0-2763-4895-888B-7434A95119E8}.Release|x86.ActiveCfg = Release|Win32
		{71AC2CE0-2763-4895-888B-7434A95119E8}.Release|x86.Build.0 = Release|Win32
	EndGlobalSection
	GlobalSection(SolutionProperties) = preSolution
		HideSolutionNode = FALSE
	EndGlobalSection
	GlobalSection(ExtensibilityGlobals) = postSolution
		SolutionGuid = {19A12469-1295-4C0E-AE28-BCBC790321C0}
	EndGlobalSection
EndGlobal
